
Microsoft Visual Studio Solution File, Format Version 12.00
# Visual Studio Version 17
VisualStudioVersion = 17.8.34330.188
MinimumVisualStudioVersion = 10.0.40219.1
Project("{FAE04EC0-301F-11D3-BF4B-00C04F79EFBC}") = "Zadanie5-2", "Zadanie5-2.csproj", "{5DA4C773-AA98-416B-813D-CF5F093C48A0}"
EndProject
Global
	GlobalSection(SolutionConfigurationPlatforms) = preSolution
		Debug|Any CPU = Debug|Any CPU
		Release|Any CPU = Release|Any CPU
	EndGlobalSection
	GlobalSection(ProjectConfigurationPlatforms) = postSolution
		{5DA4C773-AA98-416B-813D-CF5F093C48A0}.Debug|Any CPU.ActiveCfg = Debug|Any CPU
		{5DA4C773-AA98-416B-813D-CF5F093C48A0}.Debug|Any CPU.Build.0 = Debug|Any CPU
		{5DA4C773-AA98-416B-813D-CF5F093C48A0}.Release|Any CPU.ActiveCfg = Release|Any CPU
		{5DA4C773-AA98-416B-813D-CF5F093C48A0}.Release|Any CPU.Build.0 = Release|Any CPU
	EndGlobalSection
	GlobalSection(SolutionProperties) = preSolution
		HideSolutionNode = FALSE
	EndGlobalSection
	GlobalSection(ExtensibilityGlobals) = postSolution
		SolutionGuid = {2D37C6E2-CB9A-4989-B35B-6CF1732A60C7}
	EndGlobalSection
EndGlobal
