
Microsoft Visual Studio Solution File, Format Version 12.00
# Visual Studio Version 17
VisualStudioVersion = 17.8.34330.188
MinimumVisualStudioVersion = 10.0.40219.1
Project("{FAE04EC0-301F-11D3-BF4B-00C04F79EFBC}") = "Zadanie2-2", "Zadanie2-2.csproj", "{50A03234-4413-43B3-93B0-90AEFE973B8E}"
EndProject
Global
	GlobalSection(SolutionConfigurationPlatforms) = preSolution
		Debug|Any CPU = Debug|Any CPU
		Release|Any CPU = Release|Any CPU
	EndGlobalSection
	GlobalSection(ProjectConfigurationPlatforms) = postSolution
		{50A03234-4413-43B3-93B0-90AEFE973B8E}.Debug|Any CPU.ActiveCfg = Debug|Any CPU
		{50A03234-4413-43B3-93B0-90AEFE973B8E}.Debug|Any CPU.Build.0 = Debug|Any CPU
		{50A03234-4413-43B3-93B0-90AEFE973B8E}.Release|Any CPU.ActiveCfg = Release|Any CPU
		{50A03234-4413-43B3-93B0-90AEFE973B8E}.Release|Any CPU.Build.0 = Release|Any CPU
	EndGlobalSection
	GlobalSection(SolutionProperties) = preSolution
		HideSolutionNode = FALSE
	EndGlobalSection
	GlobalSection(ExtensibilityGlobals) = postSolution
		SolutionGuid = {4D043471-BF47-4AD1-B7D1-9A4540BF4E81}
	EndGlobalSection
EndGlobal
