
Microsoft Visual Studio Solution File, Format Version 12.00
# Visual Studio Version 17
VisualStudioVersion = 17.8.34330.188
MinimumVisualStudioVersion = 10.0.40219.1
Project("{FAE04EC0-301F-11D3-BF4B-00C04F79EFBC}") = "Zadanie4-4", "Zadanie4-4.csproj", "{575B144A-5BB6-410C-9CC0-78DF4CAAEF6A}"
EndProject
Global
	GlobalSection(SolutionConfigurationPlatforms) = preSolution
		Debug|Any CPU = Debug|Any CPU
		Release|Any CPU = Release|Any CPU
	EndGlobalSection
	GlobalSection(ProjectConfigurationPlatforms) = postSolution
		{575B144A-5BB6-410C-9CC0-78DF4CAAEF6A}.Debug|Any CPU.ActiveCfg = Debug|Any CPU
		{575B144A-5BB6-410C-9CC0-78DF4CAAEF6A}.Debug|Any CPU.Build.0 = Debug|Any CPU
		{575B144A-5BB6-410C-9CC0-78DF4CAAEF6A}.Release|Any CPU.ActiveCfg = Release|Any CPU
		{575B144A-5BB6-410C-9CC0-78DF4CAAEF6A}.Release|Any CPU.Build.0 = Release|Any CPU
	EndGlobalSection
	GlobalSection(SolutionProperties) = preSolution
		HideSolutionNode = FALSE
	EndGlobalSection
	GlobalSection(ExtensibilityGlobals) = postSolution
		SolutionGuid = {FAE76121-1FF0-4EAD-A151-B4239F8AFEE2}
	EndGlobalSection
EndGlobal
