
Microsoft Visual Studio Solution File, Format Version 12.00
# Visual Studio Version 17
VisualStudioVersion = 17.8.34330.188
MinimumVisualStudioVersion = 10.0.40219.1
Project("{FAE04EC0-301F-11D3-BF4B-00C04F79EFBC}") = "Zadanie2-5", "Zadanie2-5.csproj", "{1B8AE472-1CD0-4DE3-9423-2FC5004EFCB4}"
EndProject
Global
	GlobalSection(SolutionConfigurationPlatforms) = preSolution
		Debug|Any CPU = Debug|Any CPU
		Release|Any CPU = Release|Any CPU
	EndGlobalSection
	GlobalSection(ProjectConfigurationPlatforms) = postSolution
		{1B8AE472-1CD0-4DE3-9423-2FC5004EFCB4}.Debug|Any CPU.ActiveCfg = Debug|Any CPU
		{1B8AE472-1CD0-4DE3-9423-2FC5004EFCB4}.Debug|Any CPU.Build.0 = Debug|Any CPU
		{1B8AE472-1CD0-4DE3-9423-2FC5004EFCB4}.Release|Any CPU.ActiveCfg = Release|Any CPU
		{1B8AE472-1CD0-4DE3-9423-2FC5004EFCB4}.Release|Any CPU.Build.0 = Release|Any CPU
	EndGlobalSection
	GlobalSection(SolutionProperties) = preSolution
		HideSolutionNode = FALSE
	EndGlobalSection
	GlobalSection(ExtensibilityGlobals) = postSolution
		SolutionGuid = {A20190F1-6369-4413-BC70-44E0AA874C5B}
	EndGlobalSection
EndGlobal
