
Microsoft Visual Studio Solution File, Format Version 12.00
# Visual Studio Version 17
VisualStudioVersion = 17.8.34330.188
MinimumVisualStudioVersion = 10.0.40219.1
Project("{FAE04EC0-301F-11D3-BF4B-00C04F79EFBC}") = "Zadanie2-1", "Zadanie2-1.csproj", "{950EEBCB-5A10-4888-96DD-C2391574DE92}"
EndProject
Global
	GlobalSection(SolutionConfigurationPlatforms) = preSolution
		Debug|Any CPU = Debug|Any CPU
		Release|Any CPU = Release|Any CPU
	EndGlobalSection
	GlobalSection(ProjectConfigurationPlatforms) = postSolution
		{950EEBCB-5A10-4888-96DD-C2391574DE92}.Debug|Any CPU.ActiveCfg = Debug|Any CPU
		{950EEBCB-5A10-4888-96DD-C2391574DE92}.Debug|Any CPU.Build.0 = Debug|Any CPU
		{950EEBCB-5A10-4888-96DD-C2391574DE92}.Release|Any CPU.ActiveCfg = Release|Any CPU
		{950EEBCB-5A10-4888-96DD-C2391574DE92}.Release|Any CPU.Build.0 = Release|Any CPU
	EndGlobalSection
	GlobalSection(SolutionProperties) = preSolution
		HideSolutionNode = FALSE
	EndGlobalSection
	GlobalSection(ExtensibilityGlobals) = postSolution
		SolutionGuid = {FCD8FBC8-CE8F-4232-A4B3-AD48A6E548B3}
	EndGlobalSection
EndGlobal
